
Microsoft Visual Studio Solution File, Format Version 12.00
# Visual Studio Version 16
VisualStudioVersion = 16.0.30114.128
MinimumVisualStudioVersion = 10.0.40219.1
Project("{9A19103F-16F7-4668-BE54-9A1E7A4F7556}") = "AddressBookWebAPI", "AddressBookWebAPI.csproj", "{97C2F4EE-1481-475C-9880-80AD1804F239}"
EndProject
Global
	GlobalSection(SolutionConfigurationPlatforms) = preSolution
		Debug|Any CPU = Debug|Any CPU
		Release|Any CPU = Release|Any CPU
	EndGlobalSection
	GlobalSection(ProjectConfigurationPlatforms) = postSolution
		{97C2F4EE-1481-475C-9880-80AD1804F239}.Debug|Any CPU.ActiveCfg = Debug|Any CPU
		{97C2F4EE-1481-475C-9880-80AD1804F239}.Debug|Any CPU.Build.0 = Debug|Any CPU
		{97C2F4EE-1481-475C-9880-80AD1804F239}.Release|Any CPU.ActiveCfg = Release|Any CPU
		{97C2F4EE-1481-475C-9880-80AD1804F239}.Release|Any CPU.Build.0 = Release|Any CPU
	EndGlobalSection
	GlobalSection(SolutionProperties) = preSolution
		HideSolutionNode = FALSE
	EndGlobalSection
	GlobalSection(ExtensibilityGlobals) = postSolution
		SolutionGuid = {6DB25E75-EC28-48B6-98B5-E5A7B3D60EC7}
	EndGlobalSection
EndGlobal
